<?xml version="1.0" encoding="utf-8"?>
<Project ToolsVersion="15.0" xmlns="http://schemas.microsoft.com/developer/msbuild/2003">
  <ItemGroup>
    <Filter Include="deps">
      <UniqueIdentifier>{F1A1957C-DDD8-960D-86C5-7C1072DB120F}</UniqueIdentifier>
    </Filter>
    <Filter Include="deps\bgfx">
      <UniqueIdentifier>{D4CF2569-403A-DADF-8978-8B85F521B834}</UniqueIdentifier>
    </Filter>
    <Filter Include="deps\bgfx\include">
      <UniqueIdentifier>{D4F6B156-400D-B0EC-8984-3B0EF5D98074}</UniqueIdentifier>
    </Filter>
    <Filter Include="deps\bgfx\include\bgfx">
      <UniqueIdentifier>{97AA99F7-83A4-C249-6C11-595A58AA28B6}</UniqueIdentifier>
    </Filter>
    <Filter Include="deps\bgfx\include\bgfx\c99">
      <UniqueIdentifier>{A83D3F2B-944D-EBFB-FD06-501AE935DA94}</UniqueIdentifier>
    </Filter>
    <Filter Include="deps\bgfx\src">
      <UniqueIdentifier>{F804A624-64C5-215B-2D00-6BD8997F6637}</UniqueIdentifier>
    </Filter>
    <Filter Include="deps\bgfx\scripts">
      <UniqueIdentifier>{B84EDD3F-2465-DBD5-6DDC-66F7D931AC5D}</UniqueIdentifier>
    </Filter>
  </ItemGroup>
  <ItemGroup>
    <None Include="..\..\..\deps\bgfx\src\glcontext_eagl.mm">
      <Filter>deps\bgfx\src</Filter>
    </None>
    <None Include="..\..\..\deps\bgfx\src\glcontext_nsgl.mm">
      <Filter>deps\bgfx\src</Filter>
    </None>
    <None Include="..\..\..\deps\bgfx\src\renderer_mtl.mm">
      <Filter>deps\bgfx\src</Filter>
    </None>
  </ItemGroup>
  <ItemGroup>
    <ClInclude Include="..\..\..\deps\bgfx\include\bgfx\bgfx.h">
      <Filter>deps\bgfx\include\bgfx</Filter>
    </ClInclude>
    <ClInclude Include="..\..\..\deps\bgfx\include\bgfx\defines.h">
      <Filter>deps\bgfx\include\bgfx</Filter>
    </ClInclude>
    <ClInclude Include="..\..\..\deps\bgfx\include\bgfx\embedded_shader.h">
      <Filter>deps\bgfx\include\bgfx</Filter>
    </ClInclude>
    <ClInclude Include="..\..\..\deps\bgfx\include\bgfx\platform.h">
      <Filter>deps\bgfx\include\bgfx</Filter>
    </ClInclude>
    <ClInclude Include="..\..\..\deps\bgfx\include\bgfx\c99\bgfx.h">
      <Filter>deps\bgfx\include\bgfx\c99</Filter>
    </ClInclude>
    <ClInclude Include="..\..\..\deps\bgfx\src\bgfx_p.h">
      <Filter>deps\bgfx\src</Filter>
    </ClInclude>
    <ClInclude Include="..\..\..\deps\bgfx\src\charset.h">
      <Filter>deps\bgfx\src</Filter>
    </ClInclude>
    <ClInclude Include="..\..\..\deps\bgfx\src\config.h">
      <Filter>deps\bgfx\src</Filter>
    </ClInclude>
    <ClInclude Include="..\..\..\deps\bgfx\src\debug_renderdoc.h">
      <Filter>deps\bgfx\src</Filter>
    </ClInclude>
    <ClInclude Include="..\..\..\deps\bgfx\src\dxgi.h">
      <Filter>deps\bgfx\src</Filter>
    </ClInclude>
    <ClInclude Include="..\..\..\deps\bgfx\src\glcontext_eagl.h">
      <Filter>deps\bgfx\src</Filter>
    </ClInclude>
    <ClInclude Include="..\..\..\deps\bgfx\src\glcontext_egl.h">
      <Filter>deps\bgfx\src</Filter>
    </ClInclude>
    <ClInclude Include="..\..\..\deps\bgfx\src\glcontext_glx.h">
      <Filter>deps\bgfx\src</Filter>
    </ClInclude>
    <ClInclude Include="..\..\..\deps\bgfx\src\glcontext_nsgl.h">
      <Filter>deps\bgfx\src</Filter>
    </ClInclude>
    <ClInclude Include="..\..\..\deps\bgfx\src\glcontext_wgl.h">
      <Filter>deps\bgfx\src</Filter>
    </ClInclude>
    <ClInclude Include="..\..\..\deps\bgfx\src\glimports.h">
      <Filter>deps\bgfx\src</Filter>
    </ClInclude>
    <ClInclude Include="..\..\..\deps\bgfx\src\nvapi.h">
      <Filter>deps\bgfx\src</Filter>
    </ClInclude>
    <ClInclude Include="..\..\..\deps\bgfx\src\renderer.h">
      <Filter>deps\bgfx\src</Filter>
    </ClInclude>
    <ClInclude Include="..\..\..\deps\bgfx\src\renderer_d3d.h">
      <Filter>deps\bgfx\src</Filter>
    </ClInclude>
    <ClInclude Include="..\..\..\deps\bgfx\src\renderer_d3d11.h">
      <Filter>deps\bgfx\src</Filter>
    </ClInclude>
    <ClInclude Include="..\..\..\deps\bgfx\src\renderer_d3d12.h">
      <Filter>deps\bgfx\src</Filter>
    </ClInclude>
    <ClInclude Include="..\..\..\deps\bgfx\src\renderer_d3d9.h">
      <Filter>deps\bgfx\src</Filter>
    </ClInclude>
    <ClInclude Include="..\..\..\deps\bgfx\src\renderer_gl.h">
      <Filter>deps\bgfx\src</Filter>
    </ClInclude>
    <ClInclude Include="..\..\..\deps\bgfx\src\renderer_mtl.h">
      <Filter>deps\bgfx\src</Filter>
    </ClInclude>
    <ClInclude Include="..\..\..\deps\bgfx\src\renderer_vk.h">
      <Filter>deps\bgfx\src</Filter>
    </ClInclude>
    <ClInclude Include="..\..\..\deps\bgfx\src\shader.h">
      <Filter>deps\bgfx\src</Filter>
    </ClInclude>
    <ClInclude Include="..\..\..\deps\bgfx\src\shader_dx9bc.h">
      <Filter>deps\bgfx\src</Filter>
    </ClInclude>
    <ClInclude Include="..\..\..\deps\bgfx\src\shader_dxbc.h">
      <Filter>deps\bgfx\src</Filter>
    </ClInclude>
    <ClInclude Include="..\..\..\deps\bgfx\src\shader_spirv.h">
      <Filter>deps\bgfx\src</Filter>
    </ClInclude>
    <ClInclude Include="..\..\..\deps\bgfx\src\topology.h">
      <Filter>deps\bgfx\src</Filter>
    </ClInclude>
    <ClInclude Include="..\..\..\deps\bgfx\src\vertexdecl.h">
      <Filter>deps\bgfx\src</Filter>
    </ClInclude>
  </ItemGroup>
  <ItemGroup>
    <ClCompile Include="..\..\..\deps\bgfx\src\amalgamated.cpp">
      <Filter>deps\bgfx\src</Filter>
    </ClCompile>
    <ClCompile Include="..\..\..\deps\bgfx\src\bgfx.cpp">
      <Filter>deps\bgfx\src</Filter>
    </ClCompile>
    <ClCompile Include="..\..\..\deps\bgfx\src\debug_renderdoc.cpp">
      <Filter>deps\bgfx\src</Filter>
    </ClCompile>
    <ClCompile Include="..\..\..\deps\bgfx\src\dxgi.cpp">
      <Filter>deps\bgfx\src</Filter>
    </ClCompile>
    <ClCompile Include="..\..\..\deps\bgfx\src\glcontext_egl.cpp">
      <Filter>deps\bgfx\src</Filter>
    </ClCompile>
    <ClCompile Include="..\..\..\deps\bgfx\src\glcontext_glx.cpp">
      <Filter>deps\bgfx\src</Filter>
    </ClCompile>
    <ClCompile Include="..\..\..\deps\bgfx\src\glcontext_wgl.cpp">
      <Filter>deps\bgfx\src</Filter>
    </ClCompile>
    <ClCompile Include="..\..\..\deps\bgfx\src\nvapi.cpp">
      <Filter>deps\bgfx\src</Filter>
    </ClCompile>
    <ClCompile Include="..\..\..\deps\bgfx\src\renderer_d3d11.cpp">
      <Filter>deps\bgfx\src</Filter>
    </ClCompile>
    <ClCompile Include="..\..\..\deps\bgfx\src\renderer_d3d12.cpp">
      <Filter>deps\bgfx\src</Filter>
    </ClCompile>
    <ClCompile Include="..\..\..\deps\bgfx\src\renderer_d3d9.cpp">
      <Filter>deps\bgfx\src</Filter>
    </ClCompile>
    <ClCompile Include="..\..\..\deps\bgfx\src\renderer_gl.cpp">
      <Filter>deps\bgfx\src</Filter>
    </ClCompile>
    <ClCompile Include="..\..\..\deps\bgfx\src\renderer_gnm.cpp">
      <Filter>deps\bgfx\src</Filter>
    </ClCompile>
    <ClCompile Include="..\..\..\deps\bgfx\src\renderer_noop.cpp">
      <Filter>deps\bgfx\src</Filter>
    </ClCompile>
    <ClCompile Include="..\..\..\deps\bgfx\src\renderer_nvn.cpp">
      <Filter>deps\bgfx\src</Filter>
    </ClCompile>
    <ClCompile Include="..\..\..\deps\bgfx\src\renderer_vk.cpp">
      <Filter>deps\bgfx\src</Filter>
    </ClCompile>
    <ClCompile Include="..\..\..\deps\bgfx\src\shader.cpp">
      <Filter>deps\bgfx\src</Filter>
    </ClCompile>
    <ClCompile Include="..\..\..\deps\bgfx\src\shader_dx9bc.cpp">
      <Filter>deps\bgfx\src</Filter>
    </ClCompile>
    <ClCompile Include="..\..\..\deps\bgfx\src\shader_dxbc.cpp">
      <Filter>deps\bgfx\src</Filter>
    </ClCompile>
    <ClCompile Include="..\..\..\deps\bgfx\src\shader_spirv.cpp">
      <Filter>deps\bgfx\src</Filter>
    </ClCompile>
    <ClCompile Include="..\..\..\deps\bgfx\src\topology.cpp">
      <Filter>deps\bgfx\src</Filter>
    </ClCompile>
    <ClCompile Include="..\..\..\deps\bgfx\src\vertexdecl.cpp">
      <Filter>deps\bgfx\src</Filter>
    </ClCompile>
  </ItemGroup>
  <ItemGroup>
    <Natvis Include="..\..\..\deps\bgfx\scripts\bgfx.natvis">
      <Filter>deps\bgfx\scripts</Filter>
    </Natvis>
  </ItemGroup>
</Project>
