<?xml version="1.0" encoding="utf-8"?>
<Project ToolsVersion="15.0" xmlns="http://schemas.microsoft.com/developer/msbuild/2003">
  <ItemGroup>
    <Filter Include="deps">
      <UniqueIdentifier>{F1A1957C-DDD8-960D-86C5-7C1072DB120F}</UniqueIdentifier>
    </Filter>
    <Filter Include="deps\bimg">
      <UniqueIdentifier>{2CD92569-9843-DADF-E181-8B854D2BB834}</UniqueIdentifier>
    </Filter>
    <Filter Include="deps\bimg\include">
      <UniqueIdentifier>{2CD871C1-98EE-6F57-E165-FB784DBB40DF}</UniqueIdentifier>
    </Filter>
    <Filter Include="deps\bimg\include\bimg">
      <UniqueIdentifier>{472CB497-3326-DDE9-1C93-73FA082C4356}</UniqueIdentifier>
    </Filter>
    <Filter Include="deps\bimg\src">
      <UniqueIdentifier>{50FABACD-BCBA-3604-85F5-7F81F1747BE0}</UniqueIdentifier>
    </Filter>
  </ItemGroup>
  <ItemGroup>
    <ClInclude Include="..\..\..\deps\bimg\include\bimg\bimg.h">
      <Filter>deps\bimg\include\bimg</Filter>
    </ClInclude>
    <ClInclude Include="..\..\..\deps\bimg\include\bimg\decode.h">
      <Filter>deps\bimg\include\bimg</Filter>
    </ClInclude>
    <ClInclude Include="..\..\..\deps\bimg\include\bimg\encode.h">
      <Filter>deps\bimg\include\bimg</Filter>
    </ClInclude>
  </ItemGroup>
  <ItemGroup>
    <ClCompile Include="..\..\..\deps\bimg\src\image_decode.cpp">
      <Filter>deps\bimg\src</Filter>
    </ClCompile>
  </ItemGroup>
</Project>
