<?xml version="1.0" encoding="utf-8"?>
<Project ToolsVersion="15.0" xmlns="http://schemas.microsoft.com/developer/msbuild/2003">
  <ItemGroup>
    <Filter Include="deps">
      <UniqueIdentifier>{F1A1957C-DDD8-960D-86C5-7C1072DB120F}</UniqueIdentifier>
    </Filter>
    <Filter Include="deps\bgfx">
      <UniqueIdentifier>{D4CF2569-403A-DADF-8978-8B85F521B834}</UniqueIdentifier>
    </Filter>
    <Filter Include="deps\bgfx\3rdparty">
      <UniqueIdentifier>{E9AD898D-D591-4AE3-3EF2-44362AF53465}</UniqueIdentifier>
    </Filter>
    <Filter Include="deps\bgfx\3rdparty\meshoptimizer">
      <UniqueIdentifier>{D5B6FA9A-C107-E6DC-EA6B-D49ED61B7946}</UniqueIdentifier>
    </Filter>
    <Filter Include="deps\bgfx\3rdparty\meshoptimizer\src">
      <UniqueIdentifier>{7984A874-656B-6A6C-0EBC-D089FA81E3D2}</UniqueIdentifier>
    </Filter>
    <Filter Include="deps\bgfx\3rdparty\dear-imgui">
      <UniqueIdentifier>{4967101D-B57F-F746-7E2C-87E0EA038CE0}</UniqueIdentifier>
    </Filter>
    <Filter Include="deps\bgfx\3rdparty\dear-imgui\widgets">
      <UniqueIdentifier>{5CD33722-C897-3612-91FD-66DCFD80D247}</UniqueIdentifier>
    </Filter>
    <Filter Include="deps\bgfx\examples">
      <UniqueIdentifier>{2F091579-1BED-D5CE-844D-D0217050C050}</UniqueIdentifier>
    </Filter>
    <Filter Include="deps\bgfx\examples\common">
      <UniqueIdentifier>{94CDF918-0090-2DA3-4940-BC2FB5410681}</UniqueIdentifier>
    </Filter>
    <Filter Include="deps\bgfx\examples\common\debugdraw">
      <UniqueIdentifier>{C5968F75-3150-FA1F-BAAF-14FA2668B08F}</UniqueIdentifier>
    </Filter>
    <Filter Include="deps\bgfx\examples\common\entry">
      <UniqueIdentifier>{A23F07F1-0E23-1631-1726-446D8388DC81}</UniqueIdentifier>
    </Filter>
    <Filter Include="deps\bgfx\examples\common\font">
      <UniqueIdentifier>{E70D182E-D333-E294-BC79-6760A83E0761}</UniqueIdentifier>
    </Filter>
    <Filter Include="deps\bgfx\examples\common\imgui">
      <UniqueIdentifier>{4BDE4EF1-B7C1-5D31-C0C4-8B6D2C272482}</UniqueIdentifier>
    </Filter>
    <Filter Include="deps\bgfx\examples\common\nanovg">
      <UniqueIdentifier>{F90BFF25-E55C-EA67-0EC1-D829FA707DD1}</UniqueIdentifier>
    </Filter>
    <Filter Include="deps\bgfx\examples\common\ps">
      <UniqueIdentifier>{536B1513-3F26-05BF-E8DD-7D09D4774F4F}</UniqueIdentifier>
    </Filter>
  </ItemGroup>
  <ItemGroup>
    <None Include="..\..\..\deps\bgfx\examples\common\entry\dialog.mm">
      <Filter>deps\bgfx\examples\common\entry</Filter>
    </None>
    <None Include="..\..\..\deps\bgfx\examples\common\entry\entry_ios.mm">
      <Filter>deps\bgfx\examples\common\entry</Filter>
    </None>
    <None Include="..\..\..\deps\bgfx\examples\common\entry\entry_osx.mm">
      <Filter>deps\bgfx\examples\common\entry</Filter>
    </None>
  </ItemGroup>
  <ItemGroup>
    <ClInclude Include="..\..\..\deps\bgfx\3rdparty\meshoptimizer\src\meshoptimizer.h">
      <Filter>deps\bgfx\3rdparty\meshoptimizer\src</Filter>
    </ClInclude>
    <ClInclude Include="..\..\..\deps\bgfx\3rdparty\dear-imgui\imconfig.h">
      <Filter>deps\bgfx\3rdparty\dear-imgui</Filter>
    </ClInclude>
    <ClInclude Include="..\..\..\deps\bgfx\3rdparty\dear-imgui\imgui.h">
      <Filter>deps\bgfx\3rdparty\dear-imgui</Filter>
    </ClInclude>
    <ClInclude Include="..\..\..\deps\bgfx\3rdparty\dear-imgui\imgui_internal.h">
      <Filter>deps\bgfx\3rdparty\dear-imgui</Filter>
    </ClInclude>
    <ClInclude Include="..\..\..\deps\bgfx\3rdparty\dear-imgui\imgui_user.h">
      <Filter>deps\bgfx\3rdparty\dear-imgui</Filter>
    </ClInclude>
    <ClInclude Include="..\..\..\deps\bgfx\3rdparty\dear-imgui\imstb_rectpack.h">
      <Filter>deps\bgfx\3rdparty\dear-imgui</Filter>
    </ClInclude>
    <ClInclude Include="..\..\..\deps\bgfx\3rdparty\dear-imgui\imstb_textedit.h">
      <Filter>deps\bgfx\3rdparty\dear-imgui</Filter>
    </ClInclude>
    <ClInclude Include="..\..\..\deps\bgfx\3rdparty\dear-imgui\imstb_truetype.h">
      <Filter>deps\bgfx\3rdparty\dear-imgui</Filter>
    </ClInclude>
    <ClInclude Include="..\..\..\deps\bgfx\3rdparty\dear-imgui\stb_rect_pack.h">
      <Filter>deps\bgfx\3rdparty\dear-imgui</Filter>
    </ClInclude>
    <ClInclude Include="..\..\..\deps\bgfx\3rdparty\dear-imgui\stb_textedit.h">
      <Filter>deps\bgfx\3rdparty\dear-imgui</Filter>
    </ClInclude>
    <ClInclude Include="..\..\..\deps\bgfx\3rdparty\dear-imgui\stb_truetype.h">
      <Filter>deps\bgfx\3rdparty\dear-imgui</Filter>
    </ClInclude>
    <ClInclude Include="..\..\..\deps\bgfx\3rdparty\dear-imgui\widgets\color_picker.h">
      <Filter>deps\bgfx\3rdparty\dear-imgui\widgets</Filter>
    </ClInclude>
    <ClInclude Include="..\..\..\deps\bgfx\3rdparty\dear-imgui\widgets\color_wheel.h">
      <Filter>deps\bgfx\3rdparty\dear-imgui\widgets</Filter>
    </ClInclude>
    <ClInclude Include="..\..\..\deps\bgfx\3rdparty\dear-imgui\widgets\dock.h">
      <Filter>deps\bgfx\3rdparty\dear-imgui\widgets</Filter>
    </ClInclude>
    <ClInclude Include="..\..\..\deps\bgfx\3rdparty\dear-imgui\widgets\file_list.h">
      <Filter>deps\bgfx\3rdparty\dear-imgui\widgets</Filter>
    </ClInclude>
    <ClInclude Include="..\..\..\deps\bgfx\3rdparty\dear-imgui\widgets\gizmo.h">
      <Filter>deps\bgfx\3rdparty\dear-imgui\widgets</Filter>
    </ClInclude>
    <ClInclude Include="..\..\..\deps\bgfx\3rdparty\dear-imgui\widgets\markdown.h">
      <Filter>deps\bgfx\3rdparty\dear-imgui\widgets</Filter>
    </ClInclude>
    <ClInclude Include="..\..\..\deps\bgfx\3rdparty\dear-imgui\widgets\memory_editor.h">
      <Filter>deps\bgfx\3rdparty\dear-imgui\widgets</Filter>
    </ClInclude>
    <ClInclude Include="..\..\..\deps\bgfx\3rdparty\dear-imgui\widgets\range_slider.h">
      <Filter>deps\bgfx\3rdparty\dear-imgui\widgets</Filter>
    </ClInclude>
    <ClInclude Include="..\..\..\deps\bgfx\examples\common\aviwriter.h">
      <Filter>deps\bgfx\examples\common</Filter>
    </ClInclude>
    <ClInclude Include="..\..\..\deps\bgfx\examples\common\bgfx_utils.h">
      <Filter>deps\bgfx\examples\common</Filter>
    </ClInclude>
    <ClInclude Include="..\..\..\deps\bgfx\examples\common\bounds.h">
      <Filter>deps\bgfx\examples\common</Filter>
    </ClInclude>
    <ClInclude Include="..\..\..\deps\bgfx\examples\common\camera.h">
      <Filter>deps\bgfx\examples\common</Filter>
    </ClInclude>
    <ClInclude Include="..\..\..\deps\bgfx\examples\common\common.h">
      <Filter>deps\bgfx\examples\common</Filter>
    </ClInclude>
    <ClInclude Include="..\..\..\deps\bgfx\examples\common\cube_atlas.h">
      <Filter>deps\bgfx\examples\common</Filter>
    </ClInclude>
    <ClInclude Include="..\..\..\deps\bgfx\examples\common\packrect.h">
      <Filter>deps\bgfx\examples\common</Filter>
    </ClInclude>
    <ClInclude Include="..\..\..\deps\bgfx\examples\common\debugdraw\debugdraw.h">
      <Filter>deps\bgfx\examples\common\debugdraw</Filter>
    </ClInclude>
    <ClInclude Include="..\..\..\deps\bgfx\examples\common\debugdraw\fs_debugdraw_fill.bin.h">
      <Filter>deps\bgfx\examples\common\debugdraw</Filter>
    </ClInclude>
    <ClInclude Include="..\..\..\deps\bgfx\examples\common\debugdraw\fs_debugdraw_fill_lit.bin.h">
      <Filter>deps\bgfx\examples\common\debugdraw</Filter>
    </ClInclude>
    <ClInclude Include="..\..\..\deps\bgfx\examples\common\debugdraw\fs_debugdraw_fill_texture.bin.h">
      <Filter>deps\bgfx\examples\common\debugdraw</Filter>
    </ClInclude>
    <ClInclude Include="..\..\..\deps\bgfx\examples\common\debugdraw\fs_debugdraw_lines.bin.h">
      <Filter>deps\bgfx\examples\common\debugdraw</Filter>
    </ClInclude>
    <ClInclude Include="..\..\..\deps\bgfx\examples\common\debugdraw\fs_debugdraw_lines_stipple.bin.h">
      <Filter>deps\bgfx\examples\common\debugdraw</Filter>
    </ClInclude>
    <ClInclude Include="..\..\..\deps\bgfx\examples\common\debugdraw\vs_debugdraw_fill.bin.h">
      <Filter>deps\bgfx\examples\common\debugdraw</Filter>
    </ClInclude>
    <ClInclude Include="..\..\..\deps\bgfx\examples\common\debugdraw\vs_debugdraw_fill_lit.bin.h">
      <Filter>deps\bgfx\examples\common\debugdraw</Filter>
    </ClInclude>
    <ClInclude Include="..\..\..\deps\bgfx\examples\common\debugdraw\vs_debugdraw_fill_lit_mesh.bin.h">
      <Filter>deps\bgfx\examples\common\debugdraw</Filter>
    </ClInclude>
    <ClInclude Include="..\..\..\deps\bgfx\examples\common\debugdraw\vs_debugdraw_fill_mesh.bin.h">
      <Filter>deps\bgfx\examples\common\debugdraw</Filter>
    </ClInclude>
    <ClInclude Include="..\..\..\deps\bgfx\examples\common\debugdraw\vs_debugdraw_fill_texture.bin.h">
      <Filter>deps\bgfx\examples\common\debugdraw</Filter>
    </ClInclude>
    <ClInclude Include="..\..\..\deps\bgfx\examples\common\debugdraw\vs_debugdraw_lines.bin.h">
      <Filter>deps\bgfx\examples\common\debugdraw</Filter>
    </ClInclude>
    <ClInclude Include="..\..\..\deps\bgfx\examples\common\debugdraw\vs_debugdraw_lines_stipple.bin.h">
      <Filter>deps\bgfx\examples\common\debugdraw</Filter>
    </ClInclude>
    <ClInclude Include="..\..\..\deps\bgfx\examples\common\entry\cmd.h">
      <Filter>deps\bgfx\examples\common\entry</Filter>
    </ClInclude>
    <ClInclude Include="..\..\..\deps\bgfx\examples\common\entry\dbg.h">
      <Filter>deps\bgfx\examples\common\entry</Filter>
    </ClInclude>
    <ClInclude Include="..\..\..\deps\bgfx\examples\common\entry\dialog.h">
      <Filter>deps\bgfx\examples\common\entry</Filter>
    </ClInclude>
    <ClInclude Include="..\..\..\deps\bgfx\examples\common\entry\entry.h">
      <Filter>deps\bgfx\examples\common\entry</Filter>
    </ClInclude>
    <ClInclude Include="..\..\..\deps\bgfx\examples\common\entry\entry_p.h">
      <Filter>deps\bgfx\examples\common\entry</Filter>
    </ClInclude>
    <ClInclude Include="..\..\..\deps\bgfx\examples\common\entry\input.h">
      <Filter>deps\bgfx\examples\common\entry</Filter>
    </ClInclude>
    <ClInclude Include="..\..\..\deps\bgfx\examples\common\font\font_manager.h">
      <Filter>deps\bgfx\examples\common\font</Filter>
    </ClInclude>
    <ClInclude Include="..\..\..\deps\bgfx\examples\common\font\fs_font_basic.bin.h">
      <Filter>deps\bgfx\examples\common\font</Filter>
    </ClInclude>
    <ClInclude Include="..\..\..\deps\bgfx\examples\common\font\fs_font_distance_field.bin.h">
      <Filter>deps\bgfx\examples\common\font</Filter>
    </ClInclude>
    <ClInclude Include="..\..\..\deps\bgfx\examples\common\font\fs_font_distance_field_subpixel.bin.h">
      <Filter>deps\bgfx\examples\common\font</Filter>
    </ClInclude>
    <ClInclude Include="..\..\..\deps\bgfx\examples\common\font\text_buffer_manager.h">
      <Filter>deps\bgfx\examples\common\font</Filter>
    </ClInclude>
    <ClInclude Include="..\..\..\deps\bgfx\examples\common\font\text_metrics.h">
      <Filter>deps\bgfx\examples\common\font</Filter>
    </ClInclude>
    <ClInclude Include="..\..\..\deps\bgfx\examples\common\font\utf8.h">
      <Filter>deps\bgfx\examples\common\font</Filter>
    </ClInclude>
    <ClInclude Include="..\..\..\deps\bgfx\examples\common\font\vs_font_basic.bin.h">
      <Filter>deps\bgfx\examples\common\font</Filter>
    </ClInclude>
    <ClInclude Include="..\..\..\deps\bgfx\examples\common\font\vs_font_distance_field.bin.h">
      <Filter>deps\bgfx\examples\common\font</Filter>
    </ClInclude>
    <ClInclude Include="..\..\..\deps\bgfx\examples\common\font\vs_font_distance_field_subpixel.bin.h">
      <Filter>deps\bgfx\examples\common\font</Filter>
    </ClInclude>
    <ClInclude Include="..\..\..\deps\bgfx\examples\common\imgui\droidsans.ttf.h">
      <Filter>deps\bgfx\examples\common\imgui</Filter>
    </ClInclude>
    <ClInclude Include="..\..\..\deps\bgfx\examples\common\imgui\fs_imgui_color.bin.h">
      <Filter>deps\bgfx\examples\common\imgui</Filter>
    </ClInclude>
    <ClInclude Include="..\..\..\deps\bgfx\examples\common\imgui\fs_imgui_cubemap.bin.h">
      <Filter>deps\bgfx\examples\common\imgui</Filter>
    </ClInclude>
    <ClInclude Include="..\..\..\deps\bgfx\examples\common\imgui\fs_imgui_image.bin.h">
      <Filter>deps\bgfx\examples\common\imgui</Filter>
    </ClInclude>
    <ClInclude Include="..\..\..\deps\bgfx\examples\common\imgui\fs_imgui_image_swizz.bin.h">
      <Filter>deps\bgfx\examples\common\imgui</Filter>
    </ClInclude>
    <ClInclude Include="..\..\..\deps\bgfx\examples\common\imgui\fs_imgui_latlong.bin.h">
      <Filter>deps\bgfx\examples\common\imgui</Filter>
    </ClInclude>
    <ClInclude Include="..\..\..\deps\bgfx\examples\common\imgui\fs_imgui_texture.bin.h">
      <Filter>deps\bgfx\examples\common\imgui</Filter>
    </ClInclude>
    <ClInclude Include="..\..\..\deps\bgfx\examples\common\imgui\fs_ocornut_imgui.bin.h">
      <Filter>deps\bgfx\examples\common\imgui</Filter>
    </ClInclude>
    <ClInclude Include="..\..\..\deps\bgfx\examples\common\imgui\icons_font_awesome.ttf.h">
      <Filter>deps\bgfx\examples\common\imgui</Filter>
    </ClInclude>
    <ClInclude Include="..\..\..\deps\bgfx\examples\common\imgui\icons_kenney.ttf.h">
      <Filter>deps\bgfx\examples\common\imgui</Filter>
    </ClInclude>
    <ClInclude Include="..\..\..\deps\bgfx\examples\common\imgui\imgui.h">
      <Filter>deps\bgfx\examples\common\imgui</Filter>
    </ClInclude>
    <ClInclude Include="..\..\..\deps\bgfx\examples\common\imgui\robotomono_regular.ttf.h">
      <Filter>deps\bgfx\examples\common\imgui</Filter>
    </ClInclude>
    <ClInclude Include="..\..\..\deps\bgfx\examples\common\imgui\roboto_regular.ttf.h">
      <Filter>deps\bgfx\examples\common\imgui</Filter>
    </ClInclude>
    <ClInclude Include="..\..\..\deps\bgfx\examples\common\imgui\vs_imgui_color.bin.h">
      <Filter>deps\bgfx\examples\common\imgui</Filter>
    </ClInclude>
    <ClInclude Include="..\..\..\deps\bgfx\examples\common\imgui\vs_imgui_cubemap.bin.h">
      <Filter>deps\bgfx\examples\common\imgui</Filter>
    </ClInclude>
    <ClInclude Include="..\..\..\deps\bgfx\examples\common\imgui\vs_imgui_image.bin.h">
      <Filter>deps\bgfx\examples\common\imgui</Filter>
    </ClInclude>
    <ClInclude Include="..\..\..\deps\bgfx\examples\common\imgui\vs_imgui_latlong.bin.h">
      <Filter>deps\bgfx\examples\common\imgui</Filter>
    </ClInclude>
    <ClInclude Include="..\..\..\deps\bgfx\examples\common\imgui\vs_imgui_texture.bin.h">
      <Filter>deps\bgfx\examples\common\imgui</Filter>
    </ClInclude>
    <ClInclude Include="..\..\..\deps\bgfx\examples\common\imgui\vs_ocornut_imgui.bin.h">
      <Filter>deps\bgfx\examples\common\imgui</Filter>
    </ClInclude>
    <ClInclude Include="..\..\..\deps\bgfx\examples\common\nanovg\fontstash.h">
      <Filter>deps\bgfx\examples\common\nanovg</Filter>
    </ClInclude>
    <ClInclude Include="..\..\..\deps\bgfx\examples\common\nanovg\fs_nanovg_fill.bin.h">
      <Filter>deps\bgfx\examples\common\nanovg</Filter>
    </ClInclude>
    <ClInclude Include="..\..\..\deps\bgfx\examples\common\nanovg\nanovg.h">
      <Filter>deps\bgfx\examples\common\nanovg</Filter>
    </ClInclude>
    <ClInclude Include="..\..\..\deps\bgfx\examples\common\nanovg\nanovg_bgfx.h">
      <Filter>deps\bgfx\examples\common\nanovg</Filter>
    </ClInclude>
    <ClInclude Include="..\..\..\deps\bgfx\examples\common\nanovg\vs_nanovg_fill.bin.h">
      <Filter>deps\bgfx\examples\common\nanovg</Filter>
    </ClInclude>
    <ClInclude Include="..\..\..\deps\bgfx\examples\common\ps\fs_particle.bin.h">
      <Filter>deps\bgfx\examples\common\ps</Filter>
    </ClInclude>
    <ClInclude Include="..\..\..\deps\bgfx\examples\common\ps\particle_system.h">
      <Filter>deps\bgfx\examples\common\ps</Filter>
    </ClInclude>
    <ClInclude Include="..\..\..\deps\bgfx\examples\common\ps\vs_particle.bin.h">
      <Filter>deps\bgfx\examples\common\ps</Filter>
    </ClInclude>
  </ItemGroup>
  <ItemGroup>
    <ClCompile Include="..\..\..\deps\bgfx\3rdparty\meshoptimizer\src\allocator.cpp">
      <Filter>deps\bgfx\3rdparty\meshoptimizer\src</Filter>
    </ClCompile>
    <ClCompile Include="..\..\..\deps\bgfx\3rdparty\meshoptimizer\src\clusterizer.cpp">
      <Filter>deps\bgfx\3rdparty\meshoptimizer\src</Filter>
    </ClCompile>
    <ClCompile Include="..\..\..\deps\bgfx\3rdparty\meshoptimizer\src\indexcodec.cpp">
      <Filter>deps\bgfx\3rdparty\meshoptimizer\src</Filter>
    </ClCompile>
    <ClCompile Include="..\..\..\deps\bgfx\3rdparty\meshoptimizer\src\indexgenerator.cpp">
      <Filter>deps\bgfx\3rdparty\meshoptimizer\src</Filter>
    </ClCompile>
    <ClCompile Include="..\..\..\deps\bgfx\3rdparty\meshoptimizer\src\overdrawanalyzer.cpp">
      <Filter>deps\bgfx\3rdparty\meshoptimizer\src</Filter>
    </ClCompile>
    <ClCompile Include="..\..\..\deps\bgfx\3rdparty\meshoptimizer\src\overdrawoptimizer.cpp">
      <Filter>deps\bgfx\3rdparty\meshoptimizer\src</Filter>
    </ClCompile>
    <ClCompile Include="..\..\..\deps\bgfx\3rdparty\meshoptimizer\src\simplifier.cpp">
      <Filter>deps\bgfx\3rdparty\meshoptimizer\src</Filter>
    </ClCompile>
    <ClCompile Include="..\..\..\deps\bgfx\3rdparty\meshoptimizer\src\stripifier.cpp">
      <Filter>deps\bgfx\3rdparty\meshoptimizer\src</Filter>
    </ClCompile>
    <ClCompile Include="..\..\..\deps\bgfx\3rdparty\meshoptimizer\src\vcacheanalyzer.cpp">
      <Filter>deps\bgfx\3rdparty\meshoptimizer\src</Filter>
    </ClCompile>
    <ClCompile Include="..\..\..\deps\bgfx\3rdparty\meshoptimizer\src\vcacheoptimizer.cpp">
      <Filter>deps\bgfx\3rdparty\meshoptimizer\src</Filter>
    </ClCompile>
    <ClCompile Include="..\..\..\deps\bgfx\3rdparty\meshoptimizer\src\vertexcodec.cpp">
      <Filter>deps\bgfx\3rdparty\meshoptimizer\src</Filter>
    </ClCompile>
    <ClCompile Include="..\..\..\deps\bgfx\3rdparty\meshoptimizer\src\vfetchanalyzer.cpp">
      <Filter>deps\bgfx\3rdparty\meshoptimizer\src</Filter>
    </ClCompile>
    <ClCompile Include="..\..\..\deps\bgfx\3rdparty\meshoptimizer\src\vfetchoptimizer.cpp">
      <Filter>deps\bgfx\3rdparty\meshoptimizer\src</Filter>
    </ClCompile>
    <ClCompile Include="..\..\..\deps\bgfx\3rdparty\dear-imgui\imgui.cpp">
      <Filter>deps\bgfx\3rdparty\dear-imgui</Filter>
    </ClCompile>
    <ClCompile Include="..\..\..\deps\bgfx\3rdparty\dear-imgui\imgui_demo.cpp">
      <Filter>deps\bgfx\3rdparty\dear-imgui</Filter>
    </ClCompile>
    <ClCompile Include="..\..\..\deps\bgfx\3rdparty\dear-imgui\imgui_draw.cpp">
      <Filter>deps\bgfx\3rdparty\dear-imgui</Filter>
    </ClCompile>
    <ClCompile Include="..\..\..\deps\bgfx\3rdparty\dear-imgui\imgui_widgets.cpp">
      <Filter>deps\bgfx\3rdparty\dear-imgui</Filter>
    </ClCompile>
    <ClCompile Include="..\..\..\deps\bgfx\examples\common\bgfx_utils.cpp">
      <Filter>deps\bgfx\examples\common</Filter>
    </ClCompile>
    <ClCompile Include="..\..\..\deps\bgfx\examples\common\bounds.cpp">
      <Filter>deps\bgfx\examples\common</Filter>
    </ClCompile>
    <ClCompile Include="..\..\..\deps\bgfx\examples\common\camera.cpp">
      <Filter>deps\bgfx\examples\common</Filter>
    </ClCompile>
    <ClCompile Include="..\..\..\deps\bgfx\examples\common\cube_atlas.cpp">
      <Filter>deps\bgfx\examples\common</Filter>
    </ClCompile>
    <ClCompile Include="..\..\..\deps\bgfx\examples\common\debugdraw\debugdraw.cpp">
      <Filter>deps\bgfx\examples\common\debugdraw</Filter>
    </ClCompile>
    <ClCompile Include="..\..\..\deps\bgfx\examples\common\entry\cmd.cpp">
      <Filter>deps\bgfx\examples\common\entry</Filter>
    </ClCompile>
    <ClCompile Include="..\..\..\deps\bgfx\examples\common\entry\dialog.cpp">
      <Filter>deps\bgfx\examples\common\entry</Filter>
    </ClCompile>
    <ClCompile Include="..\..\..\deps\bgfx\examples\common\entry\entry.cpp">
      <Filter>deps\bgfx\examples\common\entry</Filter>
    </ClCompile>
    <ClCompile Include="..\..\..\deps\bgfx\examples\common\entry\entry_android.cpp">
      <Filter>deps\bgfx\examples\common\entry</Filter>
    </ClCompile>
    <ClCompile Include="..\..\..\deps\bgfx\examples\common\entry\entry_asmjs.cpp">
      <Filter>deps\bgfx\examples\common\entry</Filter>
    </ClCompile>
    <ClCompile Include="..\..\..\deps\bgfx\examples\common\entry\entry_glfw.cpp">
      <Filter>deps\bgfx\examples\common\entry</Filter>
    </ClCompile>
    <ClCompile Include="..\..\..\deps\bgfx\examples\common\entry\entry_noop.cpp">
      <Filter>deps\bgfx\examples\common\entry</Filter>
    </ClCompile>
    <ClCompile Include="..\..\..\deps\bgfx\examples\common\entry\entry_sdl.cpp">
      <Filter>deps\bgfx\examples\common\entry</Filter>
    </ClCompile>
    <ClCompile Include="..\..\..\deps\bgfx\examples\common\entry\entry_windows.cpp">
      <Filter>deps\bgfx\examples\common\entry</Filter>
    </ClCompile>
    <ClCompile Include="..\..\..\deps\bgfx\examples\common\entry\entry_x11.cpp">
      <Filter>deps\bgfx\examples\common\entry</Filter>
    </ClCompile>
    <ClCompile Include="..\..\..\deps\bgfx\examples\common\entry\input.cpp">
      <Filter>deps\bgfx\examples\common\entry</Filter>
    </ClCompile>
    <ClCompile Include="..\..\..\deps\bgfx\examples\common\font\font_manager.cpp">
      <Filter>deps\bgfx\examples\common\font</Filter>
    </ClCompile>
    <ClCompile Include="..\..\..\deps\bgfx\examples\common\font\text_buffer_manager.cpp">
      <Filter>deps\bgfx\examples\common\font</Filter>
    </ClCompile>
    <ClCompile Include="..\..\..\deps\bgfx\examples\common\font\text_metrics.cpp">
      <Filter>deps\bgfx\examples\common\font</Filter>
    </ClCompile>
    <ClCompile Include="..\..\..\deps\bgfx\examples\common\font\utf8.cpp">
      <Filter>deps\bgfx\examples\common\font</Filter>
    </ClCompile>
    <ClCompile Include="..\..\..\deps\bgfx\examples\common\imgui\imgui.cpp">
      <Filter>deps\bgfx\examples\common\imgui</Filter>
    </ClCompile>
    <ClCompile Include="..\..\..\deps\bgfx\examples\common\nanovg\nanovg.cpp">
      <Filter>deps\bgfx\examples\common\nanovg</Filter>
    </ClCompile>
    <ClCompile Include="..\..\..\deps\bgfx\examples\common\nanovg\nanovg_bgfx.cpp">
      <Filter>deps\bgfx\examples\common\nanovg</Filter>
    </ClCompile>
    <ClCompile Include="..\..\..\deps\bgfx\examples\common\ps\particle_system.cpp">
      <Filter>deps\bgfx\examples\common\ps</Filter>
    </ClCompile>
    <ClCompile Include="..\..\..\deps\bgfx\examples\common\entry\entry_winrt.cx">
      <Filter>deps\bgfx\examples\common\entry</Filter>
    </ClCompile>
  </ItemGroup>
</Project>
