<?xml version="1.0" encoding="utf-8"?>
<Project ToolsVersion="15.0" xmlns="http://schemas.microsoft.com/developer/msbuild/2003">
  <ItemGroup>
    <Filter Include="deps">
      <UniqueIdentifier>{F1A1957C-DDD8-960D-86C5-7C1072DB120F}</UniqueIdentifier>
    </Filter>
    <Filter Include="deps\bgfx">
      <UniqueIdentifier>{D4CF2569-403A-DADF-8978-8B85F521B834}</UniqueIdentifier>
    </Filter>
    <Filter Include="deps\bgfx\3rdparty">
      <UniqueIdentifier>{E9AD898D-D591-4AE3-3EF2-44362AF53465}</UniqueIdentifier>
    </Filter>
    <Filter Include="deps\bgfx\3rdparty\fcpp">
      <UniqueIdentifier>{8E38DA1D-FA6F-22B5-037A-86D86F3049AE}</UniqueIdentifier>
    </Filter>
  </ItemGroup>
  <ItemGroup>
    <ClInclude Include="..\..\..\deps\bgfx\3rdparty\fcpp\cpp.h">
      <Filter>deps\bgfx\3rdparty\fcpp</Filter>
    </ClInclude>
    <ClInclude Include="..\..\..\deps\bgfx\3rdparty\fcpp\cppadd.h">
      <Filter>deps\bgfx\3rdparty\fcpp</Filter>
    </ClInclude>
    <ClInclude Include="..\..\..\deps\bgfx\3rdparty\fcpp\cppdef.h">
      <Filter>deps\bgfx\3rdparty\fcpp</Filter>
    </ClInclude>
    <ClInclude Include="..\..\..\deps\bgfx\3rdparty\fcpp\fpp.h">
      <Filter>deps\bgfx\3rdparty\fcpp</Filter>
    </ClInclude>
    <ClInclude Include="..\..\..\deps\bgfx\3rdparty\fcpp\FPPBase.h">
      <Filter>deps\bgfx\3rdparty\fcpp</Filter>
    </ClInclude>
    <ClInclude Include="..\..\..\deps\bgfx\3rdparty\fcpp\fpp_pragmas.h">
      <Filter>deps\bgfx\3rdparty\fcpp</Filter>
    </ClInclude>
    <ClInclude Include="..\..\..\deps\bgfx\3rdparty\fcpp\FPP_protos.h">
      <Filter>deps\bgfx\3rdparty\fcpp</Filter>
    </ClInclude>
  </ItemGroup>
  <ItemGroup>
    <ClCompile Include="..\..\..\deps\bgfx\3rdparty\fcpp\cpp1.c">
      <Filter>deps\bgfx\3rdparty\fcpp</Filter>
    </ClCompile>
    <ClCompile Include="..\..\..\deps\bgfx\3rdparty\fcpp\cpp2.c">
      <Filter>deps\bgfx\3rdparty\fcpp</Filter>
    </ClCompile>
    <ClCompile Include="..\..\..\deps\bgfx\3rdparty\fcpp\cpp3.c">
      <Filter>deps\bgfx\3rdparty\fcpp</Filter>
    </ClCompile>
    <ClCompile Include="..\..\..\deps\bgfx\3rdparty\fcpp\cpp4.c">
      <Filter>deps\bgfx\3rdparty\fcpp</Filter>
    </ClCompile>
    <ClCompile Include="..\..\..\deps\bgfx\3rdparty\fcpp\cpp5.c">
      <Filter>deps\bgfx\3rdparty\fcpp</Filter>
    </ClCompile>
    <ClCompile Include="..\..\..\deps\bgfx\3rdparty\fcpp\cpp6.c">
      <Filter>deps\bgfx\3rdparty\fcpp</Filter>
    </ClCompile>
  </ItemGroup>
</Project>
