<?xml version="1.0" encoding="utf-8"?>
<Project ToolsVersion="15.0" xmlns="http://schemas.microsoft.com/developer/msbuild/2003">
  <ItemGroup>
    <Filter Include="deps">
      <UniqueIdentifier>{F1A1957C-DDD8-960D-86C5-7C1072DB120F}</UniqueIdentifier>
    </Filter>
    <Filter Include="deps\bgfx">
      <UniqueIdentifier>{D4CF2569-403A-DADF-8978-8B85F521B834}</UniqueIdentifier>
    </Filter>
    <Filter Include="deps\bgfx\3rdparty">
      <UniqueIdentifier>{E9AD898D-D591-4AE3-3EF2-44362AF53465}</UniqueIdentifier>
    </Filter>
    <Filter Include="deps\bgfx\3rdparty\glsl-optimizer">
      <UniqueIdentifier>{A7814AED-13F0-9F6C-5CD9-5A6CC8869508}</UniqueIdentifier>
    </Filter>
    <Filter Include="deps\bgfx\3rdparty\glsl-optimizer\src">
      <UniqueIdentifier>{4B68A5AC-B72C-A49C-8092-D466EC1540D2}</UniqueIdentifier>
    </Filter>
    <Filter Include="deps\bgfx\3rdparty\glsl-optimizer\src\glsl">
      <UniqueIdentifier>{3973F4A9-25DB-BA77-8E46-CF8D7ACDD163}</UniqueIdentifier>
    </Filter>
    <Filter Include="deps\bgfx\3rdparty\glsl-optimizer\src\glsl\glcpp">
      <UniqueIdentifier>{AB9C15BC-9745-7DEB-C0DB-986AACE3972C}</UniqueIdentifier>
    </Filter>
    <Filter Include="deps\bgfx\3rdparty\glsl-optimizer\src\mesa">
      <UniqueIdentifier>{AD9FF7A9-9907-BE77-0273-D28DEEF9D463}</UniqueIdentifier>
    </Filter>
    <Filter Include="deps\bgfx\3rdparty\glsl-optimizer\src\mesa\main">
      <UniqueIdentifier>{0EB2DDFA-7AED-3DBE-83E2-BA4DEF9CC2EE}</UniqueIdentifier>
    </Filter>
    <Filter Include="deps\bgfx\3rdparty\glsl-optimizer\src\mesa\program">
      <UniqueIdentifier>{8136615A-6DCA-5602-D68E-B0B6C24191F4}</UniqueIdentifier>
    </Filter>
    <Filter Include="deps\bgfx\3rdparty\glsl-optimizer\src\util">
      <UniqueIdentifier>{4541FCA9-31A9-C277-9A14-D78D869BD963}</UniqueIdentifier>
    </Filter>
  </ItemGroup>
  <ItemGroup>
    <ClInclude Include="..\..\..\deps\bgfx\3rdparty\glsl-optimizer\src\glsl\glcpp\glcpp.h">
      <Filter>deps\bgfx\3rdparty\glsl-optimizer\src\glsl\glcpp</Filter>
    </ClInclude>
    <ClInclude Include="..\..\..\deps\bgfx\3rdparty\glsl-optimizer\src\glsl\glcpp\glcpp-parse.h">
      <Filter>deps\bgfx\3rdparty\glsl-optimizer\src\glsl\glcpp</Filter>
    </ClInclude>
    <ClInclude Include="..\..\..\deps\bgfx\3rdparty\glsl-optimizer\src\glsl\ast.h">
      <Filter>deps\bgfx\3rdparty\glsl-optimizer\src\glsl</Filter>
    </ClInclude>
    <ClInclude Include="..\..\..\deps\bgfx\3rdparty\glsl-optimizer\src\glsl\builtin_type_macros.h">
      <Filter>deps\bgfx\3rdparty\glsl-optimizer\src\glsl</Filter>
    </ClInclude>
    <ClInclude Include="..\..\..\deps\bgfx\3rdparty\glsl-optimizer\src\glsl\glsl_optimizer.h">
      <Filter>deps\bgfx\3rdparty\glsl-optimizer\src\glsl</Filter>
    </ClInclude>
    <ClInclude Include="..\..\..\deps\bgfx\3rdparty\glsl-optimizer\src\glsl\glsl_parser.h">
      <Filter>deps\bgfx\3rdparty\glsl-optimizer\src\glsl</Filter>
    </ClInclude>
    <ClInclude Include="..\..\..\deps\bgfx\3rdparty\glsl-optimizer\src\glsl\glsl_parser_extras.h">
      <Filter>deps\bgfx\3rdparty\glsl-optimizer\src\glsl</Filter>
    </ClInclude>
    <ClInclude Include="..\..\..\deps\bgfx\3rdparty\glsl-optimizer\src\glsl\glsl_symbol_table.h">
      <Filter>deps\bgfx\3rdparty\glsl-optimizer\src\glsl</Filter>
    </ClInclude>
    <ClInclude Include="..\..\..\deps\bgfx\3rdparty\glsl-optimizer\src\glsl\glsl_types.h">
      <Filter>deps\bgfx\3rdparty\glsl-optimizer\src\glsl</Filter>
    </ClInclude>
    <ClInclude Include="..\..\..\deps\bgfx\3rdparty\glsl-optimizer\src\glsl\ir.h">
      <Filter>deps\bgfx\3rdparty\glsl-optimizer\src\glsl</Filter>
    </ClInclude>
    <ClInclude Include="..\..\..\deps\bgfx\3rdparty\glsl-optimizer\src\glsl\ir_basic_block.h">
      <Filter>deps\bgfx\3rdparty\glsl-optimizer\src\glsl</Filter>
    </ClInclude>
    <ClInclude Include="..\..\..\deps\bgfx\3rdparty\glsl-optimizer\src\glsl\ir_builder.h">
      <Filter>deps\bgfx\3rdparty\glsl-optimizer\src\glsl</Filter>
    </ClInclude>
    <ClInclude Include="..\..\..\deps\bgfx\3rdparty\glsl-optimizer\src\glsl\ir_expression_flattening.h">
      <Filter>deps\bgfx\3rdparty\glsl-optimizer\src\glsl</Filter>
    </ClInclude>
    <ClInclude Include="..\..\..\deps\bgfx\3rdparty\glsl-optimizer\src\glsl\ir_function_inlining.h">
      <Filter>deps\bgfx\3rdparty\glsl-optimizer\src\glsl</Filter>
    </ClInclude>
    <ClInclude Include="..\..\..\deps\bgfx\3rdparty\glsl-optimizer\src\glsl\ir_hierarchical_visitor.h">
      <Filter>deps\bgfx\3rdparty\glsl-optimizer\src\glsl</Filter>
    </ClInclude>
    <ClInclude Include="..\..\..\deps\bgfx\3rdparty\glsl-optimizer\src\glsl\ir_optimization.h">
      <Filter>deps\bgfx\3rdparty\glsl-optimizer\src\glsl</Filter>
    </ClInclude>
    <ClInclude Include="..\..\..\deps\bgfx\3rdparty\glsl-optimizer\src\glsl\ir_print_glsl_visitor.h">
      <Filter>deps\bgfx\3rdparty\glsl-optimizer\src\glsl</Filter>
    </ClInclude>
    <ClInclude Include="..\..\..\deps\bgfx\3rdparty\glsl-optimizer\src\glsl\ir_print_metal_visitor.h">
      <Filter>deps\bgfx\3rdparty\glsl-optimizer\src\glsl</Filter>
    </ClInclude>
    <ClInclude Include="..\..\..\deps\bgfx\3rdparty\glsl-optimizer\src\glsl\ir_print_visitor.h">
      <Filter>deps\bgfx\3rdparty\glsl-optimizer\src\glsl</Filter>
    </ClInclude>
    <ClInclude Include="..\..\..\deps\bgfx\3rdparty\glsl-optimizer\src\glsl\ir_rvalue_visitor.h">
      <Filter>deps\bgfx\3rdparty\glsl-optimizer\src\glsl</Filter>
    </ClInclude>
    <ClInclude Include="..\..\..\deps\bgfx\3rdparty\glsl-optimizer\src\glsl\ir_stats.h">
      <Filter>deps\bgfx\3rdparty\glsl-optimizer\src\glsl</Filter>
    </ClInclude>
    <ClInclude Include="..\..\..\deps\bgfx\3rdparty\glsl-optimizer\src\glsl\ir_uniform.h">
      <Filter>deps\bgfx\3rdparty\glsl-optimizer\src\glsl</Filter>
    </ClInclude>
    <ClInclude Include="..\..\..\deps\bgfx\3rdparty\glsl-optimizer\src\glsl\ir_unused_structs.h">
      <Filter>deps\bgfx\3rdparty\glsl-optimizer\src\glsl</Filter>
    </ClInclude>
    <ClInclude Include="..\..\..\deps\bgfx\3rdparty\glsl-optimizer\src\glsl\ir_variable_refcount.h">
      <Filter>deps\bgfx\3rdparty\glsl-optimizer\src\glsl</Filter>
    </ClInclude>
    <ClInclude Include="..\..\..\deps\bgfx\3rdparty\glsl-optimizer\src\glsl\ir_visitor.h">
      <Filter>deps\bgfx\3rdparty\glsl-optimizer\src\glsl</Filter>
    </ClInclude>
    <ClInclude Include="..\..\..\deps\bgfx\3rdparty\glsl-optimizer\src\glsl\link_uniform_block_active_visitor.h">
      <Filter>deps\bgfx\3rdparty\glsl-optimizer\src\glsl</Filter>
    </ClInclude>
    <ClInclude Include="..\..\..\deps\bgfx\3rdparty\glsl-optimizer\src\glsl\link_varyings.h">
      <Filter>deps\bgfx\3rdparty\glsl-optimizer\src\glsl</Filter>
    </ClInclude>
    <ClInclude Include="..\..\..\deps\bgfx\3rdparty\glsl-optimizer\src\glsl\linker.h">
      <Filter>deps\bgfx\3rdparty\glsl-optimizer\src\glsl</Filter>
    </ClInclude>
    <ClInclude Include="..\..\..\deps\bgfx\3rdparty\glsl-optimizer\src\glsl\list.h">
      <Filter>deps\bgfx\3rdparty\glsl-optimizer\src\glsl</Filter>
    </ClInclude>
    <ClInclude Include="..\..\..\deps\bgfx\3rdparty\glsl-optimizer\src\glsl\loop_analysis.h">
      <Filter>deps\bgfx\3rdparty\glsl-optimizer\src\glsl</Filter>
    </ClInclude>
    <ClInclude Include="..\..\..\deps\bgfx\3rdparty\glsl-optimizer\src\glsl\program.h">
      <Filter>deps\bgfx\3rdparty\glsl-optimizer\src\glsl</Filter>
    </ClInclude>
    <ClInclude Include="..\..\..\deps\bgfx\3rdparty\glsl-optimizer\src\glsl\s_expression.h">
      <Filter>deps\bgfx\3rdparty\glsl-optimizer\src\glsl</Filter>
    </ClInclude>
    <ClInclude Include="..\..\..\deps\bgfx\3rdparty\glsl-optimizer\src\glsl\standalone_scaffolding.h">
      <Filter>deps\bgfx\3rdparty\glsl-optimizer\src\glsl</Filter>
    </ClInclude>
    <ClInclude Include="..\..\..\deps\bgfx\3rdparty\glsl-optimizer\src\glsl\strtod.h">
      <Filter>deps\bgfx\3rdparty\glsl-optimizer\src\glsl</Filter>
    </ClInclude>
    <ClInclude Include="..\..\..\deps\bgfx\3rdparty\glsl-optimizer\src\mesa\main\compiler.h">
      <Filter>deps\bgfx\3rdparty\glsl-optimizer\src\mesa\main</Filter>
    </ClInclude>
    <ClInclude Include="..\..\..\deps\bgfx\3rdparty\glsl-optimizer\src\mesa\main\config.h">
      <Filter>deps\bgfx\3rdparty\glsl-optimizer\src\mesa\main</Filter>
    </ClInclude>
    <ClInclude Include="..\..\..\deps\bgfx\3rdparty\glsl-optimizer\src\mesa\main\context.h">
      <Filter>deps\bgfx\3rdparty\glsl-optimizer\src\mesa\main</Filter>
    </ClInclude>
    <ClInclude Include="..\..\..\deps\bgfx\3rdparty\glsl-optimizer\src\mesa\main\core.h">
      <Filter>deps\bgfx\3rdparty\glsl-optimizer\src\mesa\main</Filter>
    </ClInclude>
    <ClInclude Include="..\..\..\deps\bgfx\3rdparty\glsl-optimizer\src\mesa\main\dd.h">
      <Filter>deps\bgfx\3rdparty\glsl-optimizer\src\mesa\main</Filter>
    </ClInclude>
    <ClInclude Include="..\..\..\deps\bgfx\3rdparty\glsl-optimizer\src\mesa\main\errors.h">
      <Filter>deps\bgfx\3rdparty\glsl-optimizer\src\mesa\main</Filter>
    </ClInclude>
    <ClInclude Include="..\..\..\deps\bgfx\3rdparty\glsl-optimizer\src\mesa\main\glheader.h">
      <Filter>deps\bgfx\3rdparty\glsl-optimizer\src\mesa\main</Filter>
    </ClInclude>
    <ClInclude Include="..\..\..\deps\bgfx\3rdparty\glsl-optimizer\src\mesa\main\glminimal.h">
      <Filter>deps\bgfx\3rdparty\glsl-optimizer\src\mesa\main</Filter>
    </ClInclude>
    <ClInclude Include="..\..\..\deps\bgfx\3rdparty\glsl-optimizer\src\mesa\main\imports.h">
      <Filter>deps\bgfx\3rdparty\glsl-optimizer\src\mesa\main</Filter>
    </ClInclude>
    <ClInclude Include="..\..\..\deps\bgfx\3rdparty\glsl-optimizer\src\mesa\main\macros.h">
      <Filter>deps\bgfx\3rdparty\glsl-optimizer\src\mesa\main</Filter>
    </ClInclude>
    <ClInclude Include="..\..\..\deps\bgfx\3rdparty\glsl-optimizer\src\mesa\main\mtypes.h">
      <Filter>deps\bgfx\3rdparty\glsl-optimizer\src\mesa\main</Filter>
    </ClInclude>
    <ClInclude Include="..\..\..\deps\bgfx\3rdparty\glsl-optimizer\src\mesa\main\simple_list.h">
      <Filter>deps\bgfx\3rdparty\glsl-optimizer\src\mesa\main</Filter>
    </ClInclude>
    <ClInclude Include="..\..\..\deps\bgfx\3rdparty\glsl-optimizer\src\mesa\program\hash_table.h">
      <Filter>deps\bgfx\3rdparty\glsl-optimizer\src\mesa\program</Filter>
    </ClInclude>
    <ClInclude Include="..\..\..\deps\bgfx\3rdparty\glsl-optimizer\src\mesa\program\prog_instruction.h">
      <Filter>deps\bgfx\3rdparty\glsl-optimizer\src\mesa\program</Filter>
    </ClInclude>
    <ClInclude Include="..\..\..\deps\bgfx\3rdparty\glsl-optimizer\src\mesa\program\prog_parameter.h">
      <Filter>deps\bgfx\3rdparty\glsl-optimizer\src\mesa\program</Filter>
    </ClInclude>
    <ClInclude Include="..\..\..\deps\bgfx\3rdparty\glsl-optimizer\src\mesa\program\prog_statevars.h">
      <Filter>deps\bgfx\3rdparty\glsl-optimizer\src\mesa\program</Filter>
    </ClInclude>
    <ClInclude Include="..\..\..\deps\bgfx\3rdparty\glsl-optimizer\src\mesa\program\symbol_table.h">
      <Filter>deps\bgfx\3rdparty\glsl-optimizer\src\mesa\program</Filter>
    </ClInclude>
    <ClInclude Include="..\..\..\deps\bgfx\3rdparty\glsl-optimizer\src\util\hash_table.h">
      <Filter>deps\bgfx\3rdparty\glsl-optimizer\src\util</Filter>
    </ClInclude>
    <ClInclude Include="..\..\..\deps\bgfx\3rdparty\glsl-optimizer\src\util\macros.h">
      <Filter>deps\bgfx\3rdparty\glsl-optimizer\src\util</Filter>
    </ClInclude>
    <ClInclude Include="..\..\..\deps\bgfx\3rdparty\glsl-optimizer\src\util\ralloc.h">
      <Filter>deps\bgfx\3rdparty\glsl-optimizer\src\util</Filter>
    </ClInclude>
  </ItemGroup>
  <ItemGroup>
    <ClCompile Include="..\..\..\deps\bgfx\3rdparty\glsl-optimizer\src\glsl\glcpp\glcpp-lex.c">
      <Filter>deps\bgfx\3rdparty\glsl-optimizer\src\glsl\glcpp</Filter>
    </ClCompile>
    <ClCompile Include="..\..\..\deps\bgfx\3rdparty\glsl-optimizer\src\glsl\glcpp\glcpp-parse.c">
      <Filter>deps\bgfx\3rdparty\glsl-optimizer\src\glsl\glcpp</Filter>
    </ClCompile>
    <ClCompile Include="..\..\..\deps\bgfx\3rdparty\glsl-optimizer\src\glsl\glcpp\pp.c">
      <Filter>deps\bgfx\3rdparty\glsl-optimizer\src\glsl\glcpp</Filter>
    </ClCompile>
    <ClCompile Include="..\..\..\deps\bgfx\3rdparty\glsl-optimizer\src\glsl\ast_array_index.cpp">
      <Filter>deps\bgfx\3rdparty\glsl-optimizer\src\glsl</Filter>
    </ClCompile>
    <ClCompile Include="..\..\..\deps\bgfx\3rdparty\glsl-optimizer\src\glsl\ast_expr.cpp">
      <Filter>deps\bgfx\3rdparty\glsl-optimizer\src\glsl</Filter>
    </ClCompile>
    <ClCompile Include="..\..\..\deps\bgfx\3rdparty\glsl-optimizer\src\glsl\ast_function.cpp">
      <Filter>deps\bgfx\3rdparty\glsl-optimizer\src\glsl</Filter>
    </ClCompile>
    <ClCompile Include="..\..\..\deps\bgfx\3rdparty\glsl-optimizer\src\glsl\ast_to_hir.cpp">
      <Filter>deps\bgfx\3rdparty\glsl-optimizer\src\glsl</Filter>
    </ClCompile>
    <ClCompile Include="..\..\..\deps\bgfx\3rdparty\glsl-optimizer\src\glsl\ast_type.cpp">
      <Filter>deps\bgfx\3rdparty\glsl-optimizer\src\glsl</Filter>
    </ClCompile>
    <ClCompile Include="..\..\..\deps\bgfx\3rdparty\glsl-optimizer\src\glsl\builtin_functions.cpp">
      <Filter>deps\bgfx\3rdparty\glsl-optimizer\src\glsl</Filter>
    </ClCompile>
    <ClCompile Include="..\..\..\deps\bgfx\3rdparty\glsl-optimizer\src\glsl\builtin_types.cpp">
      <Filter>deps\bgfx\3rdparty\glsl-optimizer\src\glsl</Filter>
    </ClCompile>
    <ClCompile Include="..\..\..\deps\bgfx\3rdparty\glsl-optimizer\src\glsl\builtin_variables.cpp">
      <Filter>deps\bgfx\3rdparty\glsl-optimizer\src\glsl</Filter>
    </ClCompile>
    <ClCompile Include="..\..\..\deps\bgfx\3rdparty\glsl-optimizer\src\glsl\glsl_lexer.cpp">
      <Filter>deps\bgfx\3rdparty\glsl-optimizer\src\glsl</Filter>
    </ClCompile>
    <ClCompile Include="..\..\..\deps\bgfx\3rdparty\glsl-optimizer\src\glsl\glsl_optimizer.cpp">
      <Filter>deps\bgfx\3rdparty\glsl-optimizer\src\glsl</Filter>
    </ClCompile>
    <ClCompile Include="..\..\..\deps\bgfx\3rdparty\glsl-optimizer\src\glsl\glsl_parser.cpp">
      <Filter>deps\bgfx\3rdparty\glsl-optimizer\src\glsl</Filter>
    </ClCompile>
    <ClCompile Include="..\..\..\deps\bgfx\3rdparty\glsl-optimizer\src\glsl\glsl_parser_extras.cpp">
      <Filter>deps\bgfx\3rdparty\glsl-optimizer\src\glsl</Filter>
    </ClCompile>
    <ClCompile Include="..\..\..\deps\bgfx\3rdparty\glsl-optimizer\src\glsl\glsl_symbol_table.cpp">
      <Filter>deps\bgfx\3rdparty\glsl-optimizer\src\glsl</Filter>
    </ClCompile>
    <ClCompile Include="..\..\..\deps\bgfx\3rdparty\glsl-optimizer\src\glsl\glsl_types.cpp">
      <Filter>deps\bgfx\3rdparty\glsl-optimizer\src\glsl</Filter>
    </ClCompile>
    <ClCompile Include="..\..\..\deps\bgfx\3rdparty\glsl-optimizer\src\glsl\hir_field_selection.cpp">
      <Filter>deps\bgfx\3rdparty\glsl-optimizer\src\glsl</Filter>
    </ClCompile>
    <ClCompile Include="..\..\..\deps\bgfx\3rdparty\glsl-optimizer\src\glsl\ir.cpp">
      <Filter>deps\bgfx\3rdparty\glsl-optimizer\src\glsl</Filter>
    </ClCompile>
    <ClCompile Include="..\..\..\deps\bgfx\3rdparty\glsl-optimizer\src\glsl\ir_basic_block.cpp">
      <Filter>deps\bgfx\3rdparty\glsl-optimizer\src\glsl</Filter>
    </ClCompile>
    <ClCompile Include="..\..\..\deps\bgfx\3rdparty\glsl-optimizer\src\glsl\ir_builder.cpp">
      <Filter>deps\bgfx\3rdparty\glsl-optimizer\src\glsl</Filter>
    </ClCompile>
    <ClCompile Include="..\..\..\deps\bgfx\3rdparty\glsl-optimizer\src\glsl\ir_clone.cpp">
      <Filter>deps\bgfx\3rdparty\glsl-optimizer\src\glsl</Filter>
    </ClCompile>
    <ClCompile Include="..\..\..\deps\bgfx\3rdparty\glsl-optimizer\src\glsl\ir_constant_expression.cpp">
      <Filter>deps\bgfx\3rdparty\glsl-optimizer\src\glsl</Filter>
    </ClCompile>
    <ClCompile Include="..\..\..\deps\bgfx\3rdparty\glsl-optimizer\src\glsl\ir_equals.cpp">
      <Filter>deps\bgfx\3rdparty\glsl-optimizer\src\glsl</Filter>
    </ClCompile>
    <ClCompile Include="..\..\..\deps\bgfx\3rdparty\glsl-optimizer\src\glsl\ir_expression_flattening.cpp">
      <Filter>deps\bgfx\3rdparty\glsl-optimizer\src\glsl</Filter>
    </ClCompile>
    <ClCompile Include="..\..\..\deps\bgfx\3rdparty\glsl-optimizer\src\glsl\ir_function.cpp">
      <Filter>deps\bgfx\3rdparty\glsl-optimizer\src\glsl</Filter>
    </ClCompile>
    <ClCompile Include="..\..\..\deps\bgfx\3rdparty\glsl-optimizer\src\glsl\ir_function_can_inline.cpp">
      <Filter>deps\bgfx\3rdparty\glsl-optimizer\src\glsl</Filter>
    </ClCompile>
    <ClCompile Include="..\..\..\deps\bgfx\3rdparty\glsl-optimizer\src\glsl\ir_function_detect_recursion.cpp">
      <Filter>deps\bgfx\3rdparty\glsl-optimizer\src\glsl</Filter>
    </ClCompile>
    <ClCompile Include="..\..\..\deps\bgfx\3rdparty\glsl-optimizer\src\glsl\ir_hierarchical_visitor.cpp">
      <Filter>deps\bgfx\3rdparty\glsl-optimizer\src\glsl</Filter>
    </ClCompile>
    <ClCompile Include="..\..\..\deps\bgfx\3rdparty\glsl-optimizer\src\glsl\ir_hv_accept.cpp">
      <Filter>deps\bgfx\3rdparty\glsl-optimizer\src\glsl</Filter>
    </ClCompile>
    <ClCompile Include="..\..\..\deps\bgfx\3rdparty\glsl-optimizer\src\glsl\ir_import_prototypes.cpp">
      <Filter>deps\bgfx\3rdparty\glsl-optimizer\src\glsl</Filter>
    </ClCompile>
    <ClCompile Include="..\..\..\deps\bgfx\3rdparty\glsl-optimizer\src\glsl\ir_print_glsl_visitor.cpp">
      <Filter>deps\bgfx\3rdparty\glsl-optimizer\src\glsl</Filter>
    </ClCompile>
    <ClCompile Include="..\..\..\deps\bgfx\3rdparty\glsl-optimizer\src\glsl\ir_print_metal_visitor.cpp">
      <Filter>deps\bgfx\3rdparty\glsl-optimizer\src\glsl</Filter>
    </ClCompile>
    <ClCompile Include="..\..\..\deps\bgfx\3rdparty\glsl-optimizer\src\glsl\ir_print_visitor.cpp">
      <Filter>deps\bgfx\3rdparty\glsl-optimizer\src\glsl</Filter>
    </ClCompile>
    <ClCompile Include="..\..\..\deps\bgfx\3rdparty\glsl-optimizer\src\glsl\ir_rvalue_visitor.cpp">
      <Filter>deps\bgfx\3rdparty\glsl-optimizer\src\glsl</Filter>
    </ClCompile>
    <ClCompile Include="..\..\..\deps\bgfx\3rdparty\glsl-optimizer\src\glsl\ir_stats.cpp">
      <Filter>deps\bgfx\3rdparty\glsl-optimizer\src\glsl</Filter>
    </ClCompile>
    <ClCompile Include="..\..\..\deps\bgfx\3rdparty\glsl-optimizer\src\glsl\ir_unused_structs.cpp">
      <Filter>deps\bgfx\3rdparty\glsl-optimizer\src\glsl</Filter>
    </ClCompile>
    <ClCompile Include="..\..\..\deps\bgfx\3rdparty\glsl-optimizer\src\glsl\ir_validate.cpp">
      <Filter>deps\bgfx\3rdparty\glsl-optimizer\src\glsl</Filter>
    </ClCompile>
    <ClCompile Include="..\..\..\deps\bgfx\3rdparty\glsl-optimizer\src\glsl\ir_variable_refcount.cpp">
      <Filter>deps\bgfx\3rdparty\glsl-optimizer\src\glsl</Filter>
    </ClCompile>
    <ClCompile Include="..\..\..\deps\bgfx\3rdparty\glsl-optimizer\src\glsl\link_atomics.cpp">
      <Filter>deps\bgfx\3rdparty\glsl-optimizer\src\glsl</Filter>
    </ClCompile>
    <ClCompile Include="..\..\..\deps\bgfx\3rdparty\glsl-optimizer\src\glsl\link_functions.cpp">
      <Filter>deps\bgfx\3rdparty\glsl-optimizer\src\glsl</Filter>
    </ClCompile>
    <ClCompile Include="..\..\..\deps\bgfx\3rdparty\glsl-optimizer\src\glsl\link_interface_blocks.cpp">
      <Filter>deps\bgfx\3rdparty\glsl-optimizer\src\glsl</Filter>
    </ClCompile>
    <ClCompile Include="..\..\..\deps\bgfx\3rdparty\glsl-optimizer\src\glsl\link_uniform_block_active_visitor.cpp">
      <Filter>deps\bgfx\3rdparty\glsl-optimizer\src\glsl</Filter>
    </ClCompile>
    <ClCompile Include="..\..\..\deps\bgfx\3rdparty\glsl-optimizer\src\glsl\link_uniform_blocks.cpp">
      <Filter>deps\bgfx\3rdparty\glsl-optimizer\src\glsl</Filter>
    </ClCompile>
    <ClCompile Include="..\..\..\deps\bgfx\3rdparty\glsl-optimizer\src\glsl\link_uniform_initializers.cpp">
      <Filter>deps\bgfx\3rdparty\glsl-optimizer\src\glsl</Filter>
    </ClCompile>
    <ClCompile Include="..\..\..\deps\bgfx\3rdparty\glsl-optimizer\src\glsl\link_uniforms.cpp">
      <Filter>deps\bgfx\3rdparty\glsl-optimizer\src\glsl</Filter>
    </ClCompile>
    <ClCompile Include="..\..\..\deps\bgfx\3rdparty\glsl-optimizer\src\glsl\link_varyings.cpp">
      <Filter>deps\bgfx\3rdparty\glsl-optimizer\src\glsl</Filter>
    </ClCompile>
    <ClCompile Include="..\..\..\deps\bgfx\3rdparty\glsl-optimizer\src\glsl\linker.cpp">
      <Filter>deps\bgfx\3rdparty\glsl-optimizer\src\glsl</Filter>
    </ClCompile>
    <ClCompile Include="..\..\..\deps\bgfx\3rdparty\glsl-optimizer\src\glsl\loop_analysis.cpp">
      <Filter>deps\bgfx\3rdparty\glsl-optimizer\src\glsl</Filter>
    </ClCompile>
    <ClCompile Include="..\..\..\deps\bgfx\3rdparty\glsl-optimizer\src\glsl\loop_controls.cpp">
      <Filter>deps\bgfx\3rdparty\glsl-optimizer\src\glsl</Filter>
    </ClCompile>
    <ClCompile Include="..\..\..\deps\bgfx\3rdparty\glsl-optimizer\src\glsl\loop_unroll.cpp">
      <Filter>deps\bgfx\3rdparty\glsl-optimizer\src\glsl</Filter>
    </ClCompile>
    <ClCompile Include="..\..\..\deps\bgfx\3rdparty\glsl-optimizer\src\glsl\lower_clip_distance.cpp">
      <Filter>deps\bgfx\3rdparty\glsl-optimizer\src\glsl</Filter>
    </ClCompile>
    <ClCompile Include="..\..\..\deps\bgfx\3rdparty\glsl-optimizer\src\glsl\lower_discard.cpp">
      <Filter>deps\bgfx\3rdparty\glsl-optimizer\src\glsl</Filter>
    </ClCompile>
    <ClCompile Include="..\..\..\deps\bgfx\3rdparty\glsl-optimizer\src\glsl\lower_discard_flow.cpp">
      <Filter>deps\bgfx\3rdparty\glsl-optimizer\src\glsl</Filter>
    </ClCompile>
    <ClCompile Include="..\..\..\deps\bgfx\3rdparty\glsl-optimizer\src\glsl\lower_if_to_cond_assign.cpp">
      <Filter>deps\bgfx\3rdparty\glsl-optimizer\src\glsl</Filter>
    </ClCompile>
    <ClCompile Include="..\..\..\deps\bgfx\3rdparty\glsl-optimizer\src\glsl\lower_instructions.cpp">
      <Filter>deps\bgfx\3rdparty\glsl-optimizer\src\glsl</Filter>
    </ClCompile>
    <ClCompile Include="..\..\..\deps\bgfx\3rdparty\glsl-optimizer\src\glsl\lower_jumps.cpp">
      <Filter>deps\bgfx\3rdparty\glsl-optimizer\src\glsl</Filter>
    </ClCompile>
    <ClCompile Include="..\..\..\deps\bgfx\3rdparty\glsl-optimizer\src\glsl\lower_mat_op_to_vec.cpp">
      <Filter>deps\bgfx\3rdparty\glsl-optimizer\src\glsl</Filter>
    </ClCompile>
    <ClCompile Include="..\..\..\deps\bgfx\3rdparty\glsl-optimizer\src\glsl\lower_named_interface_blocks.cpp">
      <Filter>deps\bgfx\3rdparty\glsl-optimizer\src\glsl</Filter>
    </ClCompile>
    <ClCompile Include="..\..\..\deps\bgfx\3rdparty\glsl-optimizer\src\glsl\lower_noise.cpp">
      <Filter>deps\bgfx\3rdparty\glsl-optimizer\src\glsl</Filter>
    </ClCompile>
    <ClCompile Include="..\..\..\deps\bgfx\3rdparty\glsl-optimizer\src\glsl\lower_offset_array.cpp">
      <Filter>deps\bgfx\3rdparty\glsl-optimizer\src\glsl</Filter>
    </ClCompile>
    <ClCompile Include="..\..\..\deps\bgfx\3rdparty\glsl-optimizer\src\glsl\lower_output_reads.cpp">
      <Filter>deps\bgfx\3rdparty\glsl-optimizer\src\glsl</Filter>
    </ClCompile>
    <ClCompile Include="..\..\..\deps\bgfx\3rdparty\glsl-optimizer\src\glsl\lower_packed_varyings.cpp">
      <Filter>deps\bgfx\3rdparty\glsl-optimizer\src\glsl</Filter>
    </ClCompile>
    <ClCompile Include="..\..\..\deps\bgfx\3rdparty\glsl-optimizer\src\glsl\lower_packing_builtins.cpp">
      <Filter>deps\bgfx\3rdparty\glsl-optimizer\src\glsl</Filter>
    </ClCompile>
    <ClCompile Include="..\..\..\deps\bgfx\3rdparty\glsl-optimizer\src\glsl\lower_ubo_reference.cpp">
      <Filter>deps\bgfx\3rdparty\glsl-optimizer\src\glsl</Filter>
    </ClCompile>
    <ClCompile Include="..\..\..\deps\bgfx\3rdparty\glsl-optimizer\src\glsl\lower_variable_index_to_cond_assign.cpp">
      <Filter>deps\bgfx\3rdparty\glsl-optimizer\src\glsl</Filter>
    </ClCompile>
    <ClCompile Include="..\..\..\deps\bgfx\3rdparty\glsl-optimizer\src\glsl\lower_vec_index_to_cond_assign.cpp">
      <Filter>deps\bgfx\3rdparty\glsl-optimizer\src\glsl</Filter>
    </ClCompile>
    <ClCompile Include="..\..\..\deps\bgfx\3rdparty\glsl-optimizer\src\glsl\lower_vec_index_to_swizzle.cpp">
      <Filter>deps\bgfx\3rdparty\glsl-optimizer\src\glsl</Filter>
    </ClCompile>
    <ClCompile Include="..\..\..\deps\bgfx\3rdparty\glsl-optimizer\src\glsl\lower_vector.cpp">
      <Filter>deps\bgfx\3rdparty\glsl-optimizer\src\glsl</Filter>
    </ClCompile>
    <ClCompile Include="..\..\..\deps\bgfx\3rdparty\glsl-optimizer\src\glsl\lower_vector_insert.cpp">
      <Filter>deps\bgfx\3rdparty\glsl-optimizer\src\glsl</Filter>
    </ClCompile>
    <ClCompile Include="..\..\..\deps\bgfx\3rdparty\glsl-optimizer\src\glsl\lower_vertex_id.cpp">
      <Filter>deps\bgfx\3rdparty\glsl-optimizer\src\glsl</Filter>
    </ClCompile>
    <ClCompile Include="..\..\..\deps\bgfx\3rdparty\glsl-optimizer\src\glsl\opt_algebraic.cpp">
      <Filter>deps\bgfx\3rdparty\glsl-optimizer\src\glsl</Filter>
    </ClCompile>
    <ClCompile Include="..\..\..\deps\bgfx\3rdparty\glsl-optimizer\src\glsl\opt_array_splitting.cpp">
      <Filter>deps\bgfx\3rdparty\glsl-optimizer\src\glsl</Filter>
    </ClCompile>
    <ClCompile Include="..\..\..\deps\bgfx\3rdparty\glsl-optimizer\src\glsl\opt_constant_folding.cpp">
      <Filter>deps\bgfx\3rdparty\glsl-optimizer\src\glsl</Filter>
    </ClCompile>
    <ClCompile Include="..\..\..\deps\bgfx\3rdparty\glsl-optimizer\src\glsl\opt_constant_propagation.cpp">
      <Filter>deps\bgfx\3rdparty\glsl-optimizer\src\glsl</Filter>
    </ClCompile>
    <ClCompile Include="..\..\..\deps\bgfx\3rdparty\glsl-optimizer\src\glsl\opt_constant_variable.cpp">
      <Filter>deps\bgfx\3rdparty\glsl-optimizer\src\glsl</Filter>
    </ClCompile>
    <ClCompile Include="..\..\..\deps\bgfx\3rdparty\glsl-optimizer\src\glsl\opt_copy_propagation.cpp">
      <Filter>deps\bgfx\3rdparty\glsl-optimizer\src\glsl</Filter>
    </ClCompile>
    <ClCompile Include="..\..\..\deps\bgfx\3rdparty\glsl-optimizer\src\glsl\opt_copy_propagation_elements.cpp">
      <Filter>deps\bgfx\3rdparty\glsl-optimizer\src\glsl</Filter>
    </ClCompile>
    <ClCompile Include="..\..\..\deps\bgfx\3rdparty\glsl-optimizer\src\glsl\opt_cse.cpp">
      <Filter>deps\bgfx\3rdparty\glsl-optimizer\src\glsl</Filter>
    </ClCompile>
    <ClCompile Include="..\..\..\deps\bgfx\3rdparty\glsl-optimizer\src\glsl\opt_dead_builtin_variables.cpp">
      <Filter>deps\bgfx\3rdparty\glsl-optimizer\src\glsl</Filter>
    </ClCompile>
    <ClCompile Include="..\..\..\deps\bgfx\3rdparty\glsl-optimizer\src\glsl\opt_dead_builtin_varyings.cpp">
      <Filter>deps\bgfx\3rdparty\glsl-optimizer\src\glsl</Filter>
    </ClCompile>
    <ClCompile Include="..\..\..\deps\bgfx\3rdparty\glsl-optimizer\src\glsl\opt_dead_code.cpp">
      <Filter>deps\bgfx\3rdparty\glsl-optimizer\src\glsl</Filter>
    </ClCompile>
    <ClCompile Include="..\..\..\deps\bgfx\3rdparty\glsl-optimizer\src\glsl\opt_dead_code_local.cpp">
      <Filter>deps\bgfx\3rdparty\glsl-optimizer\src\glsl</Filter>
    </ClCompile>
    <ClCompile Include="..\..\..\deps\bgfx\3rdparty\glsl-optimizer\src\glsl\opt_dead_functions.cpp">
      <Filter>deps\bgfx\3rdparty\glsl-optimizer\src\glsl</Filter>
    </ClCompile>
    <ClCompile Include="..\..\..\deps\bgfx\3rdparty\glsl-optimizer\src\glsl\opt_flatten_nested_if_blocks.cpp">
      <Filter>deps\bgfx\3rdparty\glsl-optimizer\src\glsl</Filter>
    </ClCompile>
    <ClCompile Include="..\..\..\deps\bgfx\3rdparty\glsl-optimizer\src\glsl\opt_flip_matrices.cpp">
      <Filter>deps\bgfx\3rdparty\glsl-optimizer\src\glsl</Filter>
    </ClCompile>
    <ClCompile Include="..\..\..\deps\bgfx\3rdparty\glsl-optimizer\src\glsl\opt_function_inlining.cpp">
      <Filter>deps\bgfx\3rdparty\glsl-optimizer\src\glsl</Filter>
    </ClCompile>
    <ClCompile Include="..\..\..\deps\bgfx\3rdparty\glsl-optimizer\src\glsl\opt_if_simplification.cpp">
      <Filter>deps\bgfx\3rdparty\glsl-optimizer\src\glsl</Filter>
    </ClCompile>
    <ClCompile Include="..\..\..\deps\bgfx\3rdparty\glsl-optimizer\src\glsl\opt_minmax.cpp">
      <Filter>deps\bgfx\3rdparty\glsl-optimizer\src\glsl</Filter>
    </ClCompile>
    <ClCompile Include="..\..\..\deps\bgfx\3rdparty\glsl-optimizer\src\glsl\opt_noop_swizzle.cpp">
      <Filter>deps\bgfx\3rdparty\glsl-optimizer\src\glsl</Filter>
    </ClCompile>
    <ClCompile Include="..\..\..\deps\bgfx\3rdparty\glsl-optimizer\src\glsl\opt_rebalance_tree.cpp">
      <Filter>deps\bgfx\3rdparty\glsl-optimizer\src\glsl</Filter>
    </ClCompile>
    <ClCompile Include="..\..\..\deps\bgfx\3rdparty\glsl-optimizer\src\glsl\opt_redundant_jumps.cpp">
      <Filter>deps\bgfx\3rdparty\glsl-optimizer\src\glsl</Filter>
    </ClCompile>
    <ClCompile Include="..\..\..\deps\bgfx\3rdparty\glsl-optimizer\src\glsl\opt_structure_splitting.cpp">
      <Filter>deps\bgfx\3rdparty\glsl-optimizer\src\glsl</Filter>
    </ClCompile>
    <ClCompile Include="..\..\..\deps\bgfx\3rdparty\glsl-optimizer\src\glsl\opt_swizzle_swizzle.cpp">
      <Filter>deps\bgfx\3rdparty\glsl-optimizer\src\glsl</Filter>
    </ClCompile>
    <ClCompile Include="..\..\..\deps\bgfx\3rdparty\glsl-optimizer\src\glsl\opt_tree_grafting.cpp">
      <Filter>deps\bgfx\3rdparty\glsl-optimizer\src\glsl</Filter>
    </ClCompile>
    <ClCompile Include="..\..\..\deps\bgfx\3rdparty\glsl-optimizer\src\glsl\opt_vectorize.cpp">
      <Filter>deps\bgfx\3rdparty\glsl-optimizer\src\glsl</Filter>
    </ClCompile>
    <ClCompile Include="..\..\..\deps\bgfx\3rdparty\glsl-optimizer\src\glsl\s_expression.cpp">
      <Filter>deps\bgfx\3rdparty\glsl-optimizer\src\glsl</Filter>
    </ClCompile>
    <ClCompile Include="..\..\..\deps\bgfx\3rdparty\glsl-optimizer\src\glsl\standalone_scaffolding.cpp">
      <Filter>deps\bgfx\3rdparty\glsl-optimizer\src\glsl</Filter>
    </ClCompile>
    <ClCompile Include="..\..\..\deps\bgfx\3rdparty\glsl-optimizer\src\glsl\strtod.c">
      <Filter>deps\bgfx\3rdparty\glsl-optimizer\src\glsl</Filter>
    </ClCompile>
    <ClCompile Include="..\..\..\deps\bgfx\3rdparty\glsl-optimizer\src\mesa\main\imports.c">
      <Filter>deps\bgfx\3rdparty\glsl-optimizer\src\mesa\main</Filter>
    </ClCompile>
    <ClCompile Include="..\..\..\deps\bgfx\3rdparty\glsl-optimizer\src\mesa\program\prog_hash_table.c">
      <Filter>deps\bgfx\3rdparty\glsl-optimizer\src\mesa\program</Filter>
    </ClCompile>
    <ClCompile Include="..\..\..\deps\bgfx\3rdparty\glsl-optimizer\src\mesa\program\symbol_table.c">
      <Filter>deps\bgfx\3rdparty\glsl-optimizer\src\mesa\program</Filter>
    </ClCompile>
    <ClCompile Include="..\..\..\deps\bgfx\3rdparty\glsl-optimizer\src\util\hash_table.c">
      <Filter>deps\bgfx\3rdparty\glsl-optimizer\src\util</Filter>
    </ClCompile>
    <ClCompile Include="..\..\..\deps\bgfx\3rdparty\glsl-optimizer\src\util\ralloc.c">
      <Filter>deps\bgfx\3rdparty\glsl-optimizer\src\util</Filter>
    </ClCompile>
  </ItemGroup>
</Project>
