<?xml version="1.0" encoding="utf-8"?>
<Project ToolsVersion="15.0" xmlns="http://schemas.microsoft.com/developer/msbuild/2003">
  <ItemGroup>
    <Filter Include="deps">
      <UniqueIdentifier>{F1A1957C-DDD8-960D-86C5-7C1072DB120F}</UniqueIdentifier>
    </Filter>
    <Filter Include="deps\bgfx">
      <UniqueIdentifier>{D4CF2569-403A-DADF-8978-8B85F521B834}</UniqueIdentifier>
    </Filter>
    <Filter Include="deps\bgfx\3rdparty">
      <UniqueIdentifier>{E9AD898D-D591-4AE3-3EF2-44362AF53465}</UniqueIdentifier>
    </Filter>
    <Filter Include="deps\bgfx\3rdparty\spirv-cross">
      <UniqueIdentifier>{507C9AC6-3CA2-642D-25E8-E9F811AD89F9}</UniqueIdentifier>
    </Filter>
  </ItemGroup>
  <ItemGroup>
    <ClInclude Include="..\..\..\deps\bgfx\3rdparty\spirv-cross\spirv.hpp">
      <Filter>deps\bgfx\3rdparty\spirv-cross</Filter>
    </ClInclude>
    <ClInclude Include="..\..\..\deps\bgfx\3rdparty\spirv-cross\spirv_cfg.hpp">
      <Filter>deps\bgfx\3rdparty\spirv-cross</Filter>
    </ClInclude>
    <ClInclude Include="..\..\..\deps\bgfx\3rdparty\spirv-cross\spirv_common.hpp">
      <Filter>deps\bgfx\3rdparty\spirv-cross</Filter>
    </ClInclude>
    <ClInclude Include="..\..\..\deps\bgfx\3rdparty\spirv-cross\spirv_cpp.hpp">
      <Filter>deps\bgfx\3rdparty\spirv-cross</Filter>
    </ClInclude>
    <ClInclude Include="..\..\..\deps\bgfx\3rdparty\spirv-cross\spirv_cross.hpp">
      <Filter>deps\bgfx\3rdparty\spirv-cross</Filter>
    </ClInclude>
    <ClInclude Include="..\..\..\deps\bgfx\3rdparty\spirv-cross\spirv_cross_parsed_ir.hpp">
      <Filter>deps\bgfx\3rdparty\spirv-cross</Filter>
    </ClInclude>
    <ClInclude Include="..\..\..\deps\bgfx\3rdparty\spirv-cross\spirv_cross_util.hpp">
      <Filter>deps\bgfx\3rdparty\spirv-cross</Filter>
    </ClInclude>
    <ClInclude Include="..\..\..\deps\bgfx\3rdparty\spirv-cross\spirv_glsl.hpp">
      <Filter>deps\bgfx\3rdparty\spirv-cross</Filter>
    </ClInclude>
    <ClInclude Include="..\..\..\deps\bgfx\3rdparty\spirv-cross\spirv_hlsl.hpp">
      <Filter>deps\bgfx\3rdparty\spirv-cross</Filter>
    </ClInclude>
    <ClInclude Include="..\..\..\deps\bgfx\3rdparty\spirv-cross\spirv_msl.hpp">
      <Filter>deps\bgfx\3rdparty\spirv-cross</Filter>
    </ClInclude>
    <ClInclude Include="..\..\..\deps\bgfx\3rdparty\spirv-cross\spirv_parser.hpp">
      <Filter>deps\bgfx\3rdparty\spirv-cross</Filter>
    </ClInclude>
    <ClInclude Include="..\..\..\deps\bgfx\3rdparty\spirv-cross\spirv_reflect.hpp">
      <Filter>deps\bgfx\3rdparty\spirv-cross</Filter>
    </ClInclude>
  </ItemGroup>
  <ItemGroup>
    <ClCompile Include="..\..\..\deps\bgfx\3rdparty\spirv-cross\spirv_cfg.cpp">
      <Filter>deps\bgfx\3rdparty\spirv-cross</Filter>
    </ClCompile>
    <ClCompile Include="..\..\..\deps\bgfx\3rdparty\spirv-cross\spirv_cpp.cpp">
      <Filter>deps\bgfx\3rdparty\spirv-cross</Filter>
    </ClCompile>
    <ClCompile Include="..\..\..\deps\bgfx\3rdparty\spirv-cross\spirv_cross.cpp">
      <Filter>deps\bgfx\3rdparty\spirv-cross</Filter>
    </ClCompile>
    <ClCompile Include="..\..\..\deps\bgfx\3rdparty\spirv-cross\spirv_cross_parsed_ir.cpp">
      <Filter>deps\bgfx\3rdparty\spirv-cross</Filter>
    </ClCompile>
    <ClCompile Include="..\..\..\deps\bgfx\3rdparty\spirv-cross\spirv_cross_util.cpp">
      <Filter>deps\bgfx\3rdparty\spirv-cross</Filter>
    </ClCompile>
    <ClCompile Include="..\..\..\deps\bgfx\3rdparty\spirv-cross\spirv_glsl.cpp">
      <Filter>deps\bgfx\3rdparty\spirv-cross</Filter>
    </ClCompile>
    <ClCompile Include="..\..\..\deps\bgfx\3rdparty\spirv-cross\spirv_hlsl.cpp">
      <Filter>deps\bgfx\3rdparty\spirv-cross</Filter>
    </ClCompile>
    <ClCompile Include="..\..\..\deps\bgfx\3rdparty\spirv-cross\spirv_msl.cpp">
      <Filter>deps\bgfx\3rdparty\spirv-cross</Filter>
    </ClCompile>
    <ClCompile Include="..\..\..\deps\bgfx\3rdparty\spirv-cross\spirv_parser.cpp">
      <Filter>deps\bgfx\3rdparty\spirv-cross</Filter>
    </ClCompile>
    <ClCompile Include="..\..\..\deps\bgfx\3rdparty\spirv-cross\spirv_reflect.cpp">
      <Filter>deps\bgfx\3rdparty\spirv-cross</Filter>
    </ClCompile>
  </ItemGroup>
</Project>
