<?xml version="1.0" encoding="utf-8"?>
<Project ToolsVersion="15.0" xmlns="http://schemas.microsoft.com/developer/msbuild/2003">
  <ItemGroup>
    <Filter Include="deps">
      <UniqueIdentifier>{F1A1957C-DDD8-960D-86C5-7C1072DB120F}</UniqueIdentifier>
    </Filter>
    <Filter Include="deps\bimg">
      <UniqueIdentifier>{2CD92569-9843-DADF-E181-8B854D2BB834}</UniqueIdentifier>
    </Filter>
    <Filter Include="deps\bimg\tools">
      <UniqueIdentifier>{19837328-850E-E1EC-8E1F-64E1FA293DED}</UniqueIdentifier>
    </Filter>
    <Filter Include="deps\bimg\tools\texturec">
      <UniqueIdentifier>{495AC690-357F-1511-5ECA-FAA04A4E142F}</UniqueIdentifier>
    </Filter>
  </ItemGroup>
  <ItemGroup>
    <ClCompile Include="..\..\..\deps\bimg\tools\texturec\texturec.cpp">
      <Filter>deps\bimg\tools\texturec</Filter>
    </ClCompile>
  </ItemGroup>
</Project>
